
Microsoft Visual Studio Solution File, Format Version 12.00
# Visual Studio Version 17
VisualStudioVersion = 17.3.32804.467
MinimumVisualStudioVersion = 10.0.40219.1
Project("{FAE04EC0-301F-11D3-BF4B-00C04F79EFBC}") = "BlazorServerGridSample1", "BlazorServerGridSample1\BlazorServerGridSample1.csproj", "{D0C4A330-450D-4B4A-9238-42C38A698819}"
EndProject
Global
	GlobalSection(SolutionConfigurationPlatforms) = preSolution
		Debug|Any CPU = Debug|Any CPU
		Release|Any CPU = Release|Any CPU
	EndGlobalSection
	GlobalSection(ProjectConfigurationPlatforms) = postSolution
		{D0C4A330-450D-4B4A-9238-42C38A698819}.Debug|Any CPU.ActiveCfg = Debug|Any CPU
		{D0C4A330-450D-4B4A-9238-42C38A698819}.Debug|Any CPU.Build.0 = Debug|Any CPU
		{D0C4A330-450D-4B4A-9238-42C38A698819}.Release|Any CPU.ActiveCfg = Release|Any CPU
		{D0C4A330-450D-4B4A-9238-42C38A698819}.Release|Any CPU.Build.0 = Release|Any CPU
	EndGlobalSection
	GlobalSection(SolutionProperties) = preSolution
		HideSolutionNode = FALSE
	EndGlobalSection
	GlobalSection(ExtensibilityGlobals) = postSolution
		SolutionGuid = {75250F67-3924-4BB2-B450-CD9F58142D80}
	EndGlobalSection
EndGlobal
